
Microsoft Visual Studio Solution File, Format Version 12.00
# Visual Studio Version 17
VisualStudioVersion = 17.0.32014.148
MinimumVisualStudioVersion = 10.0.40219.1
Project("{8BC9CEB8-8B4A-11D0-8D11-00A0C91BC942}") = "BOJ_8871", "BOJ_8871\BOJ_8871.vcxproj", "{CC27A0D9-70DE-4E5E-8A5C-9489A2231EDB}"
EndProject
Global
	GlobalSection(SolutionConfigurationPlatforms) = preSolution
		Debug|x64 = Debug|x64
		Release|x64 = Release|x64
	EndGlobalSection
	GlobalSection(ProjectConfigurationPlatforms) = postSolution
		{CC27A0D9-70DE-4E5E-8A5C-9489A2231EDB}.Debug|x64.ActiveCfg = Debug|x64
		{CC27A0D9-70DE-4E5E-8A5C-9489A2231EDB}.Debug|x64.Build.0 = Debug|x64
		{CC27A0D9-70DE-4E5E-8A5C-9489A2231EDB}.Release|x64.ActiveCfg = Release|x64
		{CC27A0D9-70DE-4E5E-8A5C-9489A2231EDB}.Release|x64.Build.0 = Release|x64
	EndGlobalSection
	GlobalSection(SolutionProperties) = preSolution
		HideSolutionNode = FALSE
	EndGlobalSection
	GlobalSection(ExtensibilityGlobals) = postSolution
		SolutionGuid = {084E47AF-7FA9-4790-8859-E3736A750883}
	EndGlobalSection
EndGlobal
